
Microsoft Visual Studio Solution File, Format Version 12.00
# Visual Studio Version 17
VisualStudioVersion = 17.0.31903.59
MinimumVisualStudioVersion = 10.0.40219.1
Project("{9A19103F-16F7-4668-BE54-9A1E7A4F7556}") = "Blazor.WebAssembly", "Blazor.WebAssembly\Blazor.WebAssembly.csproj", "{09D305EB-4B87-446E-95D1-E3996522DAD4}"
EndProject
Project("{FAE04EC0-301F-11D3-BF4B-00C04F79EFBC}") = "Azure.Functions", "Azure.Functions\Azure.Functions.csproj", "{41453017-19ED-43EF-88AC-6608787F7ED2}"
EndProject
Project("{2150E333-8FDC-42A3-9474-1A3956D46DE8}") = "Infra", "Infra", "{769C0D9A-4CE9-4390-94B2-C2546227B4AD}"
EndProject
Project("{2150E333-8FDC-42A3-9474-1A3956D46DE8}") = "Bicep", "Bicep", "{62D6D839-508B-4BCB-81EF-4B249A6AED0A}"
	ProjectSection(SolutionItems) = preProject
		..\infra\bicep\azurefunctions.bicep = ..\infra\bicep\azurefunctions.bicep
		..\infra\bicep\azuresignalr.bicep = ..\infra\bicep\azuresignalr.bicep
		..\infra\bicep\azurestaticwebapps.bicep = ..\infra\bicep\azurestaticwebapps.bicep
		..\infra\bicep\azurestorage.bicep = ..\infra\bicep\azurestorage.bicep
		..\infra\bicep\main.bicep = ..\infra\bicep\main.bicep
	EndProjectSection
EndProject
Global
	GlobalSection(SolutionConfigurationPlatforms) = preSolution
		Debug|Any CPU = Debug|Any CPU
		Release|Any CPU = Release|Any CPU
	EndGlobalSection
	GlobalSection(ProjectConfigurationPlatforms) = postSolution
		{09D305EB-4B87-446E-95D1-E3996522DAD4}.Debug|Any CPU.ActiveCfg = Debug|Any CPU
		{09D305EB-4B87-446E-95D1-E3996522DAD4}.Debug|Any CPU.Build.0 = Debug|Any CPU
		{09D305EB-4B87-446E-95D1-E3996522DAD4}.Release|Any CPU.ActiveCfg = Release|Any CPU
		{09D305EB-4B87-446E-95D1-E3996522DAD4}.Release|Any CPU.Build.0 = Release|Any CPU
		{41453017-19ED-43EF-88AC-6608787F7ED2}.Debug|Any CPU.ActiveCfg = Debug|Any CPU
		{41453017-19ED-43EF-88AC-6608787F7ED2}.Debug|Any CPU.Build.0 = Debug|Any CPU
		{41453017-19ED-43EF-88AC-6608787F7ED2}.Release|Any CPU.ActiveCfg = Release|Any CPU
		{41453017-19ED-43EF-88AC-6608787F7ED2}.Release|Any CPU.Build.0 = Release|Any CPU
	EndGlobalSection
	GlobalSection(SolutionProperties) = preSolution
		HideSolutionNode = FALSE
	EndGlobalSection
	GlobalSection(NestedProjects) = preSolution
		{62D6D839-508B-4BCB-81EF-4B249A6AED0A} = {769C0D9A-4CE9-4390-94B2-C2546227B4AD}
	EndGlobalSection
	GlobalSection(ExtensibilityGlobals) = postSolution
		SolutionGuid = {DB4B6C07-F1F9-4A70-A65C-26B1A3EFFCFE}
	EndGlobalSection
EndGlobal
